
Microsoft Visual Studio Solution File, Format Version 12.00
# Visual Studio Version 17
VisualStudioVersion = 17.8.34219.65
MinimumVisualStudioVersion = 10.0.40219.1
Project("{FAE04EC0-301F-11D3-BF4B-00C04F79EFBC}") = "chat-server-asp-api", "chat-server-asp-api.csproj", "{44127863-D3EA-4619-906A-F4B5D06718B7}"
EndProject
Global
	GlobalSection(SolutionConfigurationPlatforms) = preSolution
		Debug|Any CPU = Debug|Any CPU
		Release|Any CPU = Release|Any CPU
	EndGlobalSection
	GlobalSection(ProjectConfigurationPlatforms) = postSolution
		{44127863-D3EA-4619-906A-F4B5D06718B7}.Debug|Any CPU.ActiveCfg = Debug|Any CPU
		{44127863-D3EA-4619-906A-F4B5D06718B7}.Debug|Any CPU.Build.0 = Debug|Any CPU
		{44127863-D3EA-4619-906A-F4B5D06718B7}.Release|Any CPU.ActiveCfg = Release|Any CPU
		{44127863-D3EA-4619-906A-F4B5D06718B7}.Release|Any CPU.Build.0 = Release|Any CPU
	EndGlobalSection
	GlobalSection(SolutionProperties) = preSolution
		HideSolutionNode = FALSE
	EndGlobalSection
	GlobalSection(ExtensibilityGlobals) = postSolution
		SolutionGuid = {A2C35A85-E5FC-46B6-B741-4FD38C96DB2D}
	EndGlobalSection
EndGlobal
